
Microsoft Visual Studio Solution File, Format Version 12.00
# Visual Studio 15
VisualStudioVersion = 15.0.26430.6
MinimumVisualStudioVersion = 10.0.40219.1
Project("{2150E333-8FDC-42A3-9474-1A3956D46DE8}") = "src", "src", "{6EFEA955-50AD-4E1A-AE96-065D145AF2DA}"
EndProject
Project("{9A19103F-16F7-4668-BE54-9A1E7A4F7556}") = "T4MVCCoreLite", "src\T4MVCCoreLite\T4MVCCoreLite.csproj", "{8E550409-0D65-4D6E-ABFB-F25EE5171A13}"
EndProject
Project("{9A19103F-16F7-4668-BE54-9A1E7A4F7556}") = "T4MVCCoreLiteTool", "src\T4MVCCoreLiteTool\T4MVCCoreLiteTool.csproj", "{11BA37B2-B027-4CFC-AFAC-13F873F93E3A}"
EndProject
Project("{9A19103F-16F7-4668-BE54-9A1E7A4F7556}") = "TestMvcApplication", "samples\TestMvcApplication\TestMvcApplication.csproj", "{068B5055-FAC6-4C11-935D-04682BC97F91}"
	ProjectSection(ProjectDependencies) = postProject
		{11BA37B2-B027-4CFC-AFAC-13F873F93E3A} = {11BA37B2-B027-4CFC-AFAC-13F873F93E3A}
	EndProjectSection
EndProject
Project("{2150E333-8FDC-42A3-9474-1A3956D46DE8}") = "samples", "samples", "{664D24BB-1B8A-4C98-AD87-77F225D44D1B}"
EndProject
Project("{FAE04EC0-301F-11D3-BF4B-00C04F79EFBC}") = "TestMvc5Application", "sample\TestMvc5Application\TestMvc5Application.csproj", "{91AF229F-7BEB-47F5-831E-540C2F2A673C}"
EndProject
Global
	GlobalSection(SolutionConfigurationPlatforms) = preSolution
		Debug|Any CPU = Debug|Any CPU
		Release|Any CPU = Release|Any CPU
	EndGlobalSection
	GlobalSection(ProjectConfigurationPlatforms) = postSolution
		{8E550409-0D65-4D6E-ABFB-F25EE5171A13}.Debug|Any CPU.ActiveCfg = Debug|Any CPU
		{8E550409-0D65-4D6E-ABFB-F25EE5171A13}.Debug|Any CPU.Build.0 = Debug|Any CPU
		{8E550409-0D65-4D6E-ABFB-F25EE5171A13}.Release|Any CPU.ActiveCfg = Release|Any CPU
		{8E550409-0D65-4D6E-ABFB-F25EE5171A13}.Release|Any CPU.Build.0 = Release|Any CPU
		{11BA37B2-B027-4CFC-AFAC-13F873F93E3A}.Debug|Any CPU.ActiveCfg = Debug|Any CPU
		{11BA37B2-B027-4CFC-AFAC-13F873F93E3A}.Debug|Any CPU.Build.0 = Debug|Any CPU
		{11BA37B2-B027-4CFC-AFAC-13F873F93E3A}.Release|Any CPU.ActiveCfg = Release|Any CPU
		{11BA37B2-B027-4CFC-AFAC-13F873F93E3A}.Release|Any CPU.Build.0 = Release|Any CPU
		{068B5055-FAC6-4C11-935D-04682BC97F91}.Debug|Any CPU.ActiveCfg = Debug|Any CPU
		{068B5055-FAC6-4C11-935D-04682BC97F91}.Debug|Any CPU.Build.0 = Debug|Any CPU
		{068B5055-FAC6-4C11-935D-04682BC97F91}.Release|Any CPU.ActiveCfg = Release|Any CPU
		{068B5055-FAC6-4C11-935D-04682BC97F91}.Release|Any CPU.Build.0 = Release|Any CPU
		{91AF229F-7BEB-47F5-831E-540C2F2A673C}.Debug|Any CPU.ActiveCfg = Debug|Any CPU
		{91AF229F-7BEB-47F5-831E-540C2F2A673C}.Debug|Any CPU.Build.0 = Debug|Any CPU
		{91AF229F-7BEB-47F5-831E-540C2F2A673C}.Release|Any CPU.ActiveCfg = Release|Any CPU
		{91AF229F-7BEB-47F5-831E-540C2F2A673C}.Release|Any CPU.Build.0 = Release|Any CPU
	EndGlobalSection
	GlobalSection(SolutionProperties) = preSolution
		HideSolutionNode = FALSE
	EndGlobalSection
	GlobalSection(NestedProjects) = preSolution
		{8E550409-0D65-4D6E-ABFB-F25EE5171A13} = {6EFEA955-50AD-4E1A-AE96-065D145AF2DA}
		{11BA37B2-B027-4CFC-AFAC-13F873F93E3A} = {6EFEA955-50AD-4E1A-AE96-065D145AF2DA}
		{068B5055-FAC6-4C11-935D-04682BC97F91} = {664D24BB-1B8A-4C98-AD87-77F225D44D1B}
		{91AF229F-7BEB-47F5-831E-540C2F2A673C} = {664D24BB-1B8A-4C98-AD87-77F225D44D1B}
	EndGlobalSection
	GlobalSection(ExtensibilityGlobals) = postSolution
		SolutionGuid = {C51AD310-C961-48C9-81A6-DC6D8C2A6754}
	EndGlobalSection
EndGlobal
